{
  "name": "redux-queryparam-middleware",
  "version": "1.2.0",
  "lockfileVersion": 1,
  "dependencies": {
    "eslint-plugin-jest": {
      "version": "20.0.3",
      "resolved": "https://registry.npmjs.org/eslint-plugin-jest/-/eslint-plugin-jest-20.0.3.tgz",
      "integrity": "sha1-7BXrpqwKtEpn6/bgJnLKnX58uik=",
      "dev": true
    }
  }
}
